
Microsoft Visual Studio Solution File, Format Version 12.00
# Visual Studio Version 17
VisualStudioVersion = 17.1.32228.430
MinimumVisualStudioVersion = 10.0.40219.1
Project("{FAE04EC0-301F-11D3-BF4B-00C04F79EFBC}") = "Jap2Hieroglyph", "Jap2Hieroglyph\Jap2Hieroglyph.csproj", "{B12B0517-8215-44B2-9FE3-51252C7356A1}"
EndProject
Global
	GlobalSection(SolutionConfigurationPlatforms) = preSolution
		Debug|Any CPU = Debug|Any CPU
		Release|Any CPU = Release|Any CPU
	EndGlobalSection
	GlobalSection(ProjectConfigurationPlatforms) = postSolution
		{B12B0517-8215-44B2-9FE3-51252C7356A1}.Debug|Any CPU.ActiveCfg = Debug|Any CPU
		{B12B0517-8215-44B2-9FE3-51252C7356A1}.Debug|Any CPU.Build.0 = Debug|Any CPU
		{B12B0517-8215-44B2-9FE3-51252C7356A1}.Release|Any CPU.ActiveCfg = Release|Any CPU
		{B12B0517-8215-44B2-9FE3-51252C7356A1}.Release|Any CPU.Build.0 = Release|Any CPU
	EndGlobalSection
	GlobalSection(SolutionProperties) = preSolution
		HideSolutionNode = FALSE
	EndGlobalSection
	GlobalSection(ExtensibilityGlobals) = postSolution
		SolutionGuid = {E8ECD8AD-48B2-4ABE-AC1B-AECFE2120731}
	EndGlobalSection
EndGlobal
